
Microsoft Visual Studio Solution File, Format Version 12.00
# Visual Studio Version 17
VisualStudioVersion = 17.4.33205.214
MinimumVisualStudioVersion = 10.0.40219.1
Project("{FAE04EC0-301F-11D3-BF4B-00C04F79EFBC}") = "learn-dotnet-expense-tracker", "learn-dotnet-expense-tracker\learn-dotnet-expense-tracker.csproj", "{0578314A-37F7-4D08-9DCB-BE3C9B63A294}"
EndProject
Project("{2150E333-8FDC-42A3-9474-1A3956D46DE8}") = "Solution Items", "Solution Items", "{45FF1F39-7BB8-43A6-9520-FC22ACE14C28}"
	ProjectSection(SolutionItems) = preProject
		.editorconfig = .editorconfig
	EndProjectSection
EndProject
Global
	GlobalSection(SolutionConfigurationPlatforms) = preSolution
		Debug|Any CPU = Debug|Any CPU
		Release|Any CPU = Release|Any CPU
	EndGlobalSection
	GlobalSection(ProjectConfigurationPlatforms) = postSolution
		{0578314A-37F7-4D08-9DCB-BE3C9B63A294}.Debug|Any CPU.ActiveCfg = Debug|Any CPU
		{0578314A-37F7-4D08-9DCB-BE3C9B63A294}.Debug|Any CPU.Build.0 = Debug|Any CPU
		{0578314A-37F7-4D08-9DCB-BE3C9B63A294}.Release|Any CPU.ActiveCfg = Release|Any CPU
		{0578314A-37F7-4D08-9DCB-BE3C9B63A294}.Release|Any CPU.Build.0 = Release|Any CPU
	EndGlobalSection
	GlobalSection(SolutionProperties) = preSolution
		HideSolutionNode = FALSE
	EndGlobalSection
	GlobalSection(ExtensibilityGlobals) = postSolution
		SolutionGuid = {C3800BAE-7957-4640-ADE1-CB908D21A4CD}
	EndGlobalSection
EndGlobal
